
Microsoft Visual Studio Solution File, Format Version 12.00
# Visual Studio Version 17
VisualStudioVersion = 17.5.002.0
MinimumVisualStudioVersion = 10.0.40219.1
Project("{9A19103F-16F7-4668-BE54-9A1E7A4F7556}") = "quest1", "quest1.csproj", "{F43994D9-2874-44DD-94F3-8D74558137DB}"
EndProject
Global
	GlobalSection(SolutionConfigurationPlatforms) = preSolution
		Debug|Any CPU = Debug|Any CPU
		Release|Any CPU = Release|Any CPU
	EndGlobalSection
	GlobalSection(ProjectConfigurationPlatforms) = postSolution
		{F43994D9-2874-44DD-94F3-8D74558137DB}.Debug|Any CPU.ActiveCfg = Debug|Any CPU
		{F43994D9-2874-44DD-94F3-8D74558137DB}.Debug|Any CPU.Build.0 = Debug|Any CPU
		{F43994D9-2874-44DD-94F3-8D74558137DB}.Release|Any CPU.ActiveCfg = Release|Any CPU
		{F43994D9-2874-44DD-94F3-8D74558137DB}.Release|Any CPU.Build.0 = Release|Any CPU
	EndGlobalSection
	GlobalSection(SolutionProperties) = preSolution
		HideSolutionNode = FALSE
	EndGlobalSection
	GlobalSection(ExtensibilityGlobals) = postSolution
		SolutionGuid = {5926801C-28C5-4B3A-B3C1-279375824737}
	EndGlobalSection
EndGlobal
